// !$*UTF8*$!
{
	archiveVersion = 1;
	classes = {
	};
	objectVersion = 55;
	objects = {

/* Begin PBXBuildFile section */
		CE68C72F2763976D00CA0146 /* AppDelegate.swift in Sources */ = {isa = PBXBuildFile; fileRef = CE68C72E2763976D00CA0146 /* AppDelegate.swift */; };
		CE68C7312763976D00CA0146 /* SceneDelegate.swift in Sources */ = {isa = PBXBuildFile; fileRef = CE68C7302763976D00CA0146 /* SceneDelegate.swift */; };
		CE68C7332763976D00CA0146 /* ViewController.swift in Sources */ = {isa = PBXBuildFile; fileRef = CE68C7322763976D00CA0146 /* ViewController.swift */; };
		CE68C7362763976D00CA0146 /* Main.storyboard in Resources */ = {isa = PBXBuildFile; fileRef = CE68C7342763976D00CA0146 /* Main.storyboard */; };
		CE68C7382763977100CA0146 /* Assets.xcassets in Resources */ = {isa = PBXBuildFile; fileRef = CE68C7372763977100CA0146 /* Assets.xcassets */; };
		CE68C73B2763977100CA0146 /* LaunchScreen.storyboard in Resources */ = {isa = PBXBuildFile; fileRef = CE68C7392763977100CA0146 /* LaunchScreen.storyboard */; };
		CE68C7462763977200CA0146 /* IGNewsAppTests.swift in Sources */ = {isa = PBXBuildFile; fileRef = CE68C7452763977200CA0146 /* IGNewsAppTests.swift */; };
		CE68C7502763977200CA0146 /* IGNewsAppUITests.swift in Sources */ = {isa = PBXBuildFile; fileRef = CE68C74F2763977200CA0146 /* IGNewsAppUITests.swift */; };
		CE68C7522763977200CA0146 /* IGNewsAppUITestsLaunchTests.swift in Sources */ = {isa = PBXBuildFile; fileRef = CE68C7512763977200CA0146 /* IGNewsAppUITestsLaunchTests.swift */; };
		CE68C768276455CE00CA0146 /* ResponseModel.swift in Sources */ = {isa = PBXBuildFile; fileRef = CE68C767276455CE00CA0146 /* ResponseModel.swift */; };
		CE68C76A276455DF00CA0146 /* Service Manager.swift in Sources */ = {isa = PBXBuildFile; fileRef = CE68C769276455DF00CA0146 /* Service Manager.swift */; };
		CE68C76C276455F000CA0146 /* Constants.swift in Sources */ = {isa = PBXBuildFile; fileRef = CE68C76B276455F000CA0146 /* Constants.swift */; };
		CE68C770276485AD00CA0146 /* NewsListingViewController.swift in Sources */ = {isa = PBXBuildFile; fileRef = CE68C76E276485AC00CA0146 /* NewsListingViewController.swift */; };
		CE68C771276485AD00CA0146 /* NewsListingViewController.xib in Resources */ = {isa = PBXBuildFile; fileRef = CE68C76F276485AC00CA0146 /* NewsListingViewController.xib */; };
		CE68C774276485C700CA0146 /* NewsListTableViewCell.swift in Sources */ = {isa = PBXBuildFile; fileRef = CE68C772276485C700CA0146 /* NewsListTableViewCell.swift */; };
		CE68C775276485C700CA0146 /* NewsListTableViewCell.xib in Resources */ = {isa = PBXBuildFile; fileRef = CE68C773276485C700CA0146 /* NewsListTableViewCell.xib */; };
		CE68C77727648A7200CA0146 /* Extensions.swift in Sources */ = {isa = PBXBuildFile; fileRef = CE68C77627648A7200CA0146 /* Extensions.swift */; };
		CE68C7792764958800CA0146 /* BaseTableViewCell.swift in Sources */ = {isa = PBXBuildFile; fileRef = CE68C7782764958800CA0146 /* BaseTableViewCell.swift */; };
		CE68C77C2764E33000CA0146 /* NewsDiscriptionViewController.swift in Sources */ = {isa = PBXBuildFile; fileRef = CE68C77A2764E33000CA0146 /* NewsDiscriptionViewController.swift */; };
		CE68C77D2764E33000CA0146 /* NewsDiscriptionViewController.xib in Resources */ = {isa = PBXBuildFile; fileRef = CE68C77B2764E33000CA0146 /* NewsDiscriptionViewController.xib */; };
/* End PBXBuildFile section */

/* Begin PBXContainerItemProxy section */
		CE68C7422763977100CA0146 /* PBXContainerItemProxy */ = {
			isa = PBXContainerItemProxy;
			containerPortal = CE68C7232763976D00CA0146 /* Project object */;
			proxyType = 1;
			remoteGlobalIDString = CE68C72A2763976D00CA0146;
			remoteInfo = IGNewsApp;
		};
		CE68C74C2763977200CA0146 /* PBXContainerItemProxy */ = {
			isa = PBXContainerItemProxy;
			containerPortal = CE68C7232763976D00CA0146 /* Project object */;
			proxyType = 1;
			remoteGlobalIDString = CE68C72A2763976D00CA0146;
			remoteInfo = IGNewsApp;
		};
/* End PBXContainerItemProxy section */

/* Begin PBXFileReference section */
		CE68C72B2763976D00CA0146 /* IGNewsApp.app */ = {isa = PBXFileReference; explicitFileType = wrapper.application; includeInIndex = 0; path = IGNewsApp.app; sourceTree = BUILT_PRODUCTS_DIR; };
		CE68C72E2763976D00CA0146 /* AppDelegate.swift */ = {isa = PBXFileReference; lastKnownFileType = sourcecode.swift; path = AppDelegate.swift; sourceTree = "<group>"; };
		CE68C7302763976D00CA0146 /* SceneDelegate.swift */ = {isa = PBXFileReference; lastKnownFileType = sourcecode.swift; path = SceneDelegate.swift; sourceTree = "<group>"; };
		CE68C7322763976D00CA0146 /* ViewController.swift */ = {isa = PBXFileReference; lastKnownFileType = sourcecode.swift; path = ViewController.swift; sourceTree = "<group>"; };
		CE68C7352763976D00CA0146 /* Base */ = {isa = PBXFileReference; lastKnownFileType = file.storyboard; name = Base; path = Base.lproj/Main.storyboard; sourceTree = "<group>"; };
		CE68C7372763977100CA0146 /* Assets.xcassets */ = {isa = PBXFileReference; lastKnownFileType = folder.assetcatalog; path = Assets.xcassets; sourceTree = "<group>"; };
		CE68C73A2763977100CA0146 /* Base */ = {isa = PBXFileReference; lastKnownFileType = file.storyboard; name = Base; path = Base.lproj/LaunchScreen.storyboard; sourceTree = "<group>"; };
		CE68C73C2763977100CA0146 /* Info.plist */ = {isa = PBXFileReference; lastKnownFileType = text.plist.xml; path = Info.plist; sourceTree = "<group>"; };
		CE68C7412763977100CA0146 /* IGNewsAppTests.xctest */ = {isa = PBXFileReference; explicitFileType = wrapper.cfbundle; includeInIndex = 0; path = IGNewsAppTests.xctest; sourceTree = BUILT_PRODUCTS_DIR; };
		CE68C7452763977200CA0146 /* IGNewsAppTests.swift */ = {isa = PBXFileReference; lastKnownFileType = sourcecode.swift; path = IGNewsAppTests.swift; sourceTree = "<group>"; };
		CE68C74B2763977200CA0146 /* IGNewsAppUITests.xctest */ = {isa = PBXFileReference; explicitFileType = wrapper.cfbundle; includeInIndex = 0; path = IGNewsAppUITests.xctest; sourceTree = BUILT_PRODUCTS_DIR; };
		CE68C74F2763977200CA0146 /* IGNewsAppUITests.swift */ = {isa = PBXFileReference; lastKnownFileType = sourcecode.swift; path = IGNewsAppUITests.swift; sourceTree = "<group>"; };
		CE68C7512763977200CA0146 /* IGNewsAppUITestsLaunchTests.swift */ = {isa = PBXFileReference; lastKnownFileType = sourcecode.swift; path = IGNewsAppUITestsLaunchTests.swift; sourceTree = "<group>"; };
		CE68C767276455CE00CA0146 /* ResponseModel.swift */ = {isa = PBXFileReference; lastKnownFileType = sourcecode.swift; path = ResponseModel.swift; sourceTree = "<group>"; };
		CE68C769276455DF00CA0146 /* Service Manager.swift */ = {isa = PBXFileReference; lastKnownFileType = sourcecode.swift; path = "Service Manager.swift"; sourceTree = "<group>"; };
		CE68C76B276455F000CA0146 /* Constants.swift */ = {isa = PBXFileReference; lastKnownFileType = sourcecode.swift; path = Constants.swift; sourceTree = "<group>"; };
		CE68C76E276485AC00CA0146 /* NewsListingViewController.swift */ = {isa = PBXFileReference; lastKnownFileType = sourcecode.swift; path = NewsListingViewController.swift; sourceTree = "<group>"; };
		CE68C76F276485AC00CA0146 /* NewsListingViewController.xib */ = {isa = PBXFileReference; lastKnownFileType = file.xib; path = NewsListingViewController.xib; sourceTree = "<group>"; };
		CE68C772276485C700CA0146 /* NewsListTableViewCell.swift */ = {isa = PBXFileReference; lastKnownFileType = sourcecode.swift; path = NewsListTableViewCell.swift; sourceTree = "<group>"; };
		CE68C773276485C700CA0146 /* NewsListTableViewCell.xib */ = {isa = PBXFileReference; lastKnownFileType = file.xib; path = NewsListTableViewCell.xib; sourceTree = "<group>"; };
		CE68C77627648A7200CA0146 /* Extensions.swift */ = {isa = PBXFileReference; lastKnownFileType = sourcecode.swift; path = Extensions.swift; sourceTree = "<group>"; };
		CE68C7782764958800CA0146 /* BaseTableViewCell.swift */ = {isa = PBXFileReference; lastKnownFileType = sourcecode.swift; path = BaseTableViewCell.swift; sourceTree = "<group>"; };
		CE68C77A2764E33000CA0146 /* NewsDiscriptionViewController.swift */ = {isa = PBXFileReference; lastKnownFileType = sourcecode.swift; path = NewsDiscriptionViewController.swift; sourceTree = "<group>"; };
		CE68C77B2764E33000CA0146 /* NewsDiscriptionViewController.xib */ = {isa = PBXFileReference; lastKnownFileType = file.xib; path = NewsDiscriptionViewController.xib; sourceTree = "<group>"; };
/* End PBXFileReference section */

/* Begin PBXFrameworksBuildPhase section */
		CE68C7282763976D00CA0146 /* Frameworks */ = {
			isa = PBXFrameworksBuildPhase;
			buildActionMask = 2147483647;
			files = (
			);
			runOnlyForDeploymentPostprocessing = 0;
		};
		CE68C73E2763977100CA0146 /* Frameworks */ = {
			isa = PBXFrameworksBuildPhase;
			buildActionMask = 2147483647;
			files = (
			);
			runOnlyForDeploymentPostprocessing = 0;
		};
		CE68C7482763977200CA0146 /* Frameworks */ = {
			isa = PBXFrameworksBuildPhase;
			buildActionMask = 2147483647;
			files = (
			);
			runOnlyForDeploymentPostprocessing = 0;
		};
/* End PBXFrameworksBuildPhase section */

/* Begin PBXGroup section */
		CE68C7222763976D00CA0146 = {
			isa = PBXGroup;
			children = (
				CE68C72D2763976D00CA0146 /* IGNewsApp */,
				CE68C7442763977200CA0146 /* IGNewsAppTests */,
				CE68C74E2763977200CA0146 /* IGNewsAppUITests */,
				CE68C72C2763976D00CA0146 /* Products */,
			);
			sourceTree = "<group>";
		};
		CE68C72C2763976D00CA0146 /* Products */ = {
			isa = PBXGroup;
			children = (
				CE68C72B2763976D00CA0146 /* IGNewsApp.app */,
				CE68C7412763977100CA0146 /* IGNewsAppTests.xctest */,
				CE68C74B2763977200CA0146 /* IGNewsAppUITests.xctest */,
			);
			name = Products;
			sourceTree = "<group>";
		};
		CE68C72D2763976D00CA0146 /* IGNewsApp */ = {
			isa = PBXGroup;
			children = (
				CE68C76D276477EF00CA0146 /* News List  */,
				CE68C766276455B600CA0146 /* Utils */,
				CE68C765276455A900CA0146 /* Service Manager */,
				CE68C7642764559F00CA0146 /* Model */,
				CE68C72E2763976D00CA0146 /* AppDelegate.swift */,
				CE68C7302763976D00CA0146 /* SceneDelegate.swift */,
				CE68C7322763976D00CA0146 /* ViewController.swift */,
				CE68C7342763976D00CA0146 /* Main.storyboard */,
				CE68C7372763977100CA0146 /* Assets.xcassets */,
				CE68C7392763977100CA0146 /* LaunchScreen.storyboard */,
				CE68C73C2763977100CA0146 /* Info.plist */,
			);
			path = IGNewsApp;
			sourceTree = "<group>";
		};
		CE68C7442763977200CA0146 /* IGNewsAppTests */ = {
			isa = PBXGroup;
			children = (
				CE68C7452763977200CA0146 /* IGNewsAppTests.swift */,
			);
			path = IGNewsAppTests;
			sourceTree = "<group>";
		};
		CE68C74E2763977200CA0146 /* IGNewsAppUITests */ = {
			isa = PBXGroup;
			children = (
				CE68C74F2763977200CA0146 /* IGNewsAppUITests.swift */,
				CE68C7512763977200CA0146 /* IGNewsAppUITestsLaunchTests.swift */,
			);
			path = IGNewsAppUITests;
			sourceTree = "<group>";
		};
		CE68C7642764559F00CA0146 /* Model */ = {
			isa = PBXGroup;
			children = (
				CE68C767276455CE00CA0146 /* ResponseModel.swift */,
			);
			path = Model;
			sourceTree = "<group>";
		};
		CE68C765276455A900CA0146 /* Service Manager */ = {
			isa = PBXGroup;
			children = (
				CE68C769276455DF00CA0146 /* Service Manager.swift */,
			);
			path = "Service Manager";
			sourceTree = "<group>";
		};
		CE68C766276455B600CA0146 /* Utils */ = {
			isa = PBXGroup;
			children = (
				CE68C76B276455F000CA0146 /* Constants.swift */,
				CE68C77627648A7200CA0146 /* Extensions.swift */,
				CE68C7782764958800CA0146 /* BaseTableViewCell.swift */,
			);
			path = Utils;
			sourceTree = "<group>";
		};
		CE68C76D276477EF00CA0146 /* News List  */ = {
			isa = PBXGroup;
			children = (
				CE68C76E276485AC00CA0146 /* NewsListingViewController.swift */,
				CE68C76F276485AC00CA0146 /* NewsListingViewController.xib */,
				CE68C772276485C700CA0146 /* NewsListTableViewCell.swift */,
				CE68C773276485C700CA0146 /* NewsListTableViewCell.xib */,
				CE68C77A2764E33000CA0146 /* NewsDiscriptionViewController.swift */,
				CE68C77B2764E33000CA0146 /* NewsDiscriptionViewController.xib */,
			);
			path = "News List ";
			sourceTree = "<group>";
		};
/* End PBXGroup section */

/* Begin PBXNativeTarget section */
		CE68C72A2763976D00CA0146 /* IGNewsApp */ = {
			isa = PBXNativeTarget;
			buildConfigurationList = CE68C7552763977200CA0146 /* Build configuration list for PBXNativeTarget "IGNewsApp" */;
			buildPhases = (
				CE68C7272763976D00CA0146 /* Sources */,
				CE68C7282763976D00CA0146 /* Frameworks */,
				CE68C7292763976D00CA0146 /* Resources */,
			);
			buildRules = (
			);
			dependencies = (
			);
			name = IGNewsApp;
			productName = IGNewsApp;
			productReference = CE68C72B2763976D00CA0146 /* IGNewsApp.app */;
			productType = "com.apple.product-type.application";
		};
		CE68C7402763977100CA0146 /* IGNewsAppTests */ = {
			isa = PBXNativeTarget;
			buildConfigurationList = CE68C7582763977200CA0146 /* Build configuration list for PBXNativeTarget "IGNewsAppTests" */;
			buildPhases = (
				CE68C73D2763977100CA0146 /* Sources */,
				CE68C73E2763977100CA0146 /* Frameworks */,
				CE68C73F2763977100CA0146 /* Resources */,
			);
			buildRules = (
			);
			dependencies = (
				CE68C7432763977100CA0146 /* PBXTargetDependency */,
			);
			name = IGNewsAppTests;
			productName = IGNewsAppTests;
			productReference = CE68C7412763977100CA0146 /* IGNewsAppTests.xctest */;
			productType = "com.apple.product-type.bundle.unit-test";
		};
		CE68C74A2763977200CA0146 /* IGNewsAppUITests */ = {
			isa = PBXNativeTarget;
			buildConfigurationList = CE68C75B2763977200CA0146 /* Build configuration list for PBXNativeTarget "IGNewsAppUITests" */;
			buildPhases = (
				CE68C7472763977200CA0146 /* Sources */,
				CE68C7482763977200CA0146 /* Frameworks */,
				CE68C7492763977200CA0146 /* Resources */,
			);
			buildRules = (
			);
			dependencies = (
				CE68C74D2763977200CA0146 /* PBXTargetDependency */,
			);
			name = IGNewsAppUITests;
			productName = IGNewsAppUITests;
			productReference = CE68C74B2763977200CA0146 /* IGNewsAppUITests.xctest */;
			productType = "com.apple.product-type.bundle.ui-testing";
		};
/* End PBXNativeTarget section */

/* Begin PBXProject section */
		CE68C7232763976D00CA0146 /* Project object */ = {
			isa = PBXProject;
			attributes = {
				BuildIndependentTargetsInParallel = 1;
				LastSwiftUpdateCheck = 1310;
				LastUpgradeCheck = 1310;
				TargetAttributes = {
					CE68C72A2763976D00CA0146 = {
						CreatedOnToolsVersion = 13.1;
					};
					CE68C7402763977100CA0146 = {
						CreatedOnToolsVersion = 13.1;
						TestTargetID = CE68C72A2763976D00CA0146;
					};
					CE68C74A2763977200CA0146 = {
						CreatedOnToolsVersion = 13.1;
						TestTargetID = CE68C72A2763976D00CA0146;
					};
				};
			};
			buildConfigurationList = CE68C7262763976D00CA0146 /* Build configuration list for PBXProject "IGNewsApp" */;
			compatibilityVersion = "Xcode 13.0";
			developmentRegion = en;
			hasScannedForEncodings = 0;
			knownRegions = (
				en,
				Base,
			);
			mainGroup = CE68C7222763976D00CA0146;
			productRefGroup = CE68C72C2763976D00CA0146 /* Products */;
			projectDirPath = "";
			projectRoot = "";
			targets = (
				CE68C72A2763976D00CA0146 /* IGNewsApp */,
				CE68C7402763977100CA0146 /* IGNewsAppTests */,
				CE68C74A2763977200CA0146 /* IGNewsAppUITests */,
			);
		};
/* End PBXProject section */

/* Begin PBXResourcesBuildPhase section */
		CE68C7292763976D00CA0146 /* Resources */ = {
			isa = PBXResourcesBuildPhase;
			buildActionMask = 2147483647;
			files = (
				CE68C775276485C700CA0146 /* NewsListTableViewCell.xib in Resources */,
				CE68C771276485AD00CA0146 /* NewsListingViewController.xib in Resources */,
				CE68C73B2763977100CA0146 /* LaunchScreen.storyboard in Resources */,
				CE68C7382763977100CA0146 /* Assets.xcassets in Resources */,
				CE68C77D2764E33000CA0146 /* NewsDiscriptionViewController.xib in Resources */,
				CE68C7362763976D00CA0146 /* Main.storyboard in Resources */,
			);
			runOnlyForDeploymentPostprocessing = 0;
		};
		CE68C73F2763977100CA0146 /* Resources */ = {
			isa = PBXResourcesBuildPhase;
			buildActionMask = 2147483647;
			files = (
			);
			runOnlyForDeploymentPostprocessing = 0;
		};
		CE68C7492763977200CA0146 /* Resources */ = {
			isa = PBXResourcesBuildPhase;
			buildActionMask = 2147483647;
			files = (
			);
			runOnlyForDeploymentPostprocessing = 0;
		};
/* End PBXResourcesBuildPhase section */

/* Begin PBXSourcesBuildPhase section */
		CE68C7272763976D00CA0146 /* Sources */ = {
			isa = PBXSourcesBuildPhase;
			buildActionMask = 2147483647;
			files = (
				CE68C7332763976D00CA0146 /* ViewController.swift in Sources */,
				CE68C77727648A7200CA0146 /* Extensions.swift in Sources */,
				CE68C770276485AD00CA0146 /* NewsListingViewController.swift in Sources */,
				CE68C774276485C700CA0146 /* NewsListTableViewCell.swift in Sources */,
				CE68C72F2763976D00CA0146 /* AppDelegate.swift in Sources */,
				CE68C768276455CE00CA0146 /* ResponseModel.swift in Sources */,
				CE68C76A276455DF00CA0146 /* Service Manager.swift in Sources */,
				CE68C7312763976D00CA0146 /* SceneDelegate.swift in Sources */,
				CE68C7792764958800CA0146 /* BaseTableViewCell.swift in Sources */,
				CE68C77C2764E33000CA0146 /* NewsDiscriptionViewController.swift in Sources */,
				CE68C76C276455F000CA0146 /* Constants.swift in Sources */,
			);
			runOnlyForDeploymentPostprocessing = 0;
		};
		CE68C73D2763977100CA0146 /* Sources */ = {
			isa = PBXSourcesBuildPhase;
			buildActionMask = 2147483647;
			files = (
				CE68C7462763977200CA0146 /* IGNewsAppTests.swift in Sources */,
			);
			runOnlyForDeploymentPostprocessing = 0;
		};
		CE68C7472763977200CA0146 /* Sources */ = {
			isa = PBXSourcesBuildPhase;
			buildActionMask = 2147483647;
			files = (
				CE68C7502763977200CA0146 /* IGNewsAppUITests.swift in Sources */,
				CE68C7522763977200CA0146 /* IGNewsAppUITestsLaunchTests.swift in Sources */,
			);
			runOnlyForDeploymentPostprocessing = 0;
		};
/* End PBXSourcesBuildPhase section */

/* Begin PBXTargetDependency section */
		CE68C7432763977100CA0146 /* PBXTargetDependency */ = {
			isa = PBXTargetDependency;
			target = CE68C72A2763976D00CA0146 /* IGNewsApp */;
			targetProxy = CE68C7422763977100CA0146 /* PBXContainerItemProxy */;
		};
		CE68C74D2763977200CA0146 /* PBXTargetDependency */ = {
			isa = PBXTargetDependency;
			target = CE68C72A2763976D00CA0146 /* IGNewsApp */;
			targetProxy = CE68C74C2763977200CA0146 /* PBXContainerItemProxy */;
		};
/* End PBXTargetDependency section */

/* Begin PBXVariantGroup section */
		CE68C7342763976D00CA0146 /* Main.storyboard */ = {
			isa = PBXVariantGroup;
			children = (
				CE68C7352763976D00CA0146 /* Base */,
			);
			name = Main.storyboard;
			sourceTree = "<group>";
		};
		CE68C7392763977100CA0146 /* LaunchScreen.storyboard */ = {
			isa = PBXVariantGroup;
			children = (
				CE68C73A2763977100CA0146 /* Base */,
			);
			name = LaunchScreen.storyboard;
			sourceTree = "<group>";
		};
/* End PBXVariantGroup section */

/* Begin XCBuildConfiguration section */
		CE68C7532763977200CA0146 /* Debug */ = {
			isa = XCBuildConfiguration;
			buildSettings = {
				ALWAYS_SEARCH_USER_PATHS = NO;
				CLANG_ANALYZER_NONNULL = YES;
				CLANG_ANALYZER_NUMBER_OBJECT_CONVERSION = YES_AGGRESSIVE;
				CLANG_CXX_LANGUAGE_STANDARD = "gnu++17";
				CLANG_CXX_LIBRARY = "libc++";
				CLANG_ENABLE_MODULES = YES;
				CLANG_ENABLE_OBJC_ARC = YES;
				CLANG_ENABLE_OBJC_WEAK = YES;
				CLANG_WARN_BLOCK_CAPTURE_AUTORELEASING = YES;
				CLANG_WARN_BOOL_CONVERSION = YES;
				CLANG_WARN_COMMA = YES;
				CLANG_WARN_CONSTANT_CONVERSION = YES;
				CLANG_WARN_DEPRECATED_OBJC_IMPLEMENTATIONS = YES;
				CLANG_WARN_DIRECT_OBJC_ISA_USAGE = YES_ERROR;
				CLANG_WARN_DOCUMENTATION_COMMENTS = YES;
				CLANG_WARN_EMPTY_BODY = YES;
				CLANG_WARN_ENUM_CONVERSION = YES;
				CLANG_WARN_INFINITE_RECURSION = YES;
				CLANG_WARN_INT_CONVERSION = YES;
				CLANG_WARN_NON_LITERAL_NULL_CONVERSION = YES;
				CLANG_WARN_OBJC_IMPLICIT_RETAIN_SELF = YES;
				CLANG_WARN_OBJC_LITERAL_CONVERSION = YES;
				CLANG_WARN_OBJC_ROOT_CLASS = YES_ERROR;
				CLANG_WARN_QUOTED_INCLUDE_IN_FRAMEWORK_HEADER = YES;
				CLANG_WARN_RANGE_LOOP_ANALYSIS = YES;
				CLANG_WARN_STRICT_PROTOTYPES = YES;
				CLANG_WARN_SUSPICIOUS_MOVE = YES;
				CLANG_WARN_UNGUARDED_AVAILABILITY = YES_AGGRESSIVE;
				CLANG_WARN_UNREACHABLE_CODE = YES;
				CLANG_WARN__DUPLICATE_METHOD_MATCH = YES;
				COPY_PHASE_STRIP = NO;
				DEBUG_INFORMATION_FORMAT = dwarf;
				ENABLE_STRICT_OBJC_MSGSEND = YES;
				ENABLE_TESTABILITY = YES;
				GCC_C_LANGUAGE_STANDARD = gnu11;
				GCC_DYNAMIC_NO_PIC = NO;
				GCC_NO_COMMON_BLOCKS = YES;
				GCC_OPTIMIZATION_LEVEL = 0;
				GCC_PREPROCESSOR_DEFINITIONS = (
					"DEBUG=1",
					"$(inherited)",
				);
				GCC_WARN_64_TO_32_BIT_CONVERSION = YES;
				GCC_WARN_ABOUT_RETURN_TYPE = YES_ERROR;
				GCC_WARN_UNDECLARED_SELECTOR = YES;
				GCC_WARN_UNINITIALIZED_AUTOS = YES_AGGRESSIVE;
				GCC_WARN_UNUSED_FUNCTION = YES;
				GCC_WARN_UNUSED_VARIABLE = YES;
				IPHONEOS_DEPLOYMENT_TARGET = 15.0;
				MTL_ENABLE_DEBUG_INFO = INCLUDE_SOURCE;
				MTL_FAST_MATH = YES;
				ONLY_ACTIVE_ARCH = YES;
				SDKROOT = iphoneos;
				SWIFT_ACTIVE_COMPILATION_CONDITIONS = DEBUG;
				SWIFT_OPTIMIZATION_LEVEL = "-Onone";
			};
			name = Debug;
		};
		CE68C7542763977200CA0146 /* Release */ = {
			isa = XCBuildConfiguration;
			buildSettings = {
				ALWAYS_SEARCH_USER_PATHS = NO;
				CLANG_ANALYZER_NONNULL = YES;
				CLANG_ANALYZER_NUMBER_OBJECT_CONVERSION = YES_AGGRESSIVE;
				CLANG_CXX_LANGUAGE_STANDARD = "gnu++17";
				CLANG_CXX_LIBRARY = "libc++";
				CLANG_ENABLE_MODULES = YES;
				CLANG_ENABLE_OBJC_ARC = YES;
				CLANG_ENABLE_OBJC_WEAK = YES;
				CLANG_WARN_BLOCK_CAPTURE_AUTORELEASING = YES;
				CLANG_WARN_BOOL_CONVERSION = YES;
				CLANG_WARN_COMMA = YES;
				CLANG_WARN_CONSTANT_CONVERSION = YES;
				CLANG_WARN_DEPRECATED_OBJC_IMPLEMENTATIONS = YES;
				CLANG_WARN_DIRECT_OBJC_ISA_USAGE = YES_ERROR;
				CLANG_WARN_DOCUMENTATION_COMMENTS = YES;
				CLANG_WARN_EMPTY_BODY = YES;
				CLANG_WARN_ENUM_CONVERSION = YES;
				CLANG_WARN_INFINITE_RECURSION = YES;
				CLANG_WARN_INT_CONVERSION = YES;
				CLANG_WARN_NON_LITERAL_NULL_CONVERSION = YES;
				CLANG_WARN_OBJC_IMPLICIT_RETAIN_SELF = YES;
				CLANG_WARN_OBJC_LITERAL_CONVERSION = YES;
				CLANG_WARN_OBJC_ROOT_CLASS = YES_ERROR;
				CLANG_WARN_QUOTED_INCLUDE_IN_FRAMEWORK_HEADER = YES;
				CLANG_WARN_RANGE_LOOP_ANALYSIS = YES;
				CLANG_WARN_STRICT_PROTOTYPES = YES;
				CLANG_WARN_SUSPICIOUS_MOVE = YES;
				CLANG_WARN_UNGUARDED_AVAILABILITY = YES_AGGRESSIVE;
				CLANG_WARN_UNREACHABLE_CODE = YES;
				CLANG_WARN__DUPLICATE_METHOD_MATCH = YES;
				COPY_PHASE_STRIP = NO;
				DEBUG_INFORMATION_FORMAT = "dwarf-with-dsym";
				ENABLE_NS_ASSERTIONS = NO;
				ENABLE_STRICT_OBJC_MSGSEND = YES;
				GCC_C_LANGUAGE_STANDARD = gnu11;
				GCC_NO_COMMON_BLOCKS = YES;
				GCC_WARN_64_TO_32_BIT_CONVERSION = YES;
				GCC_WARN_ABOUT_RETURN_TYPE = YES_ERROR;
				GCC_WARN_UNDECLARED_SELECTOR = YES;
				GCC_WARN_UNINITIALIZED_AUTOS = YES_AGGRESSIVE;
				GCC_WARN_UNUSED_FUNCTION = YES;
				GCC_WARN_UNUSED_VARIABLE = YES;
				IPHONEOS_DEPLOYMENT_TARGET = 15.0;
				MTL_ENABLE_DEBUG_INFO = NO;
				MTL_FAST_MATH = YES;
				SDKROOT = iphoneos;
				SWIFT_COMPILATION_MODE = wholemodule;
				SWIFT_OPTIMIZATION_LEVEL = "-O";
				VALIDATE_PRODUCT = YES;
			};
			name = Release;
		};
		CE68C7562763977200CA0146 /* Debug */ = {
			isa = XCBuildConfiguration;
			buildSettings = {
				ASSETCATALOG_COMPILER_APPICON_NAME = AppIcon;
				ASSETCATALOG_COMPILER_GLOBAL_ACCENT_COLOR_NAME = AccentColor;
				CODE_SIGN_STYLE = Automatic;
				CURRENT_PROJECT_VERSION = 1;
				DEVELOPMENT_TEAM = 83HMK88GGG;
				GENERATE_INFOPLIST_FILE = YES;
				INFOPLIST_FILE = IGNewsApp/Info.plist;
				INFOPLIST_KEY_UIApplicationSupportsIndirectInputEvents = YES;
				INFOPLIST_KEY_UILaunchStoryboardName = LaunchScreen;
				INFOPLIST_KEY_UIMainStoryboardFile = Main;
				INFOPLIST_KEY_UISupportedInterfaceOrientations_iPad = "UIInterfaceOrientationPortrait UIInterfaceOrientationPortraitUpsideDown UIInterfaceOrientationLandscapeLeft UIInterfaceOrientationLandscapeRight";
				INFOPLIST_KEY_UISupportedInterfaceOrientations_iPhone = "UIInterfaceOrientationPortrait UIInterfaceOrientationLandscapeLeft UIInterfaceOrientationLandscapeRight";
				LD_RUNPATH_SEARCH_PATHS = (
					"$(inherited)",
					"@executable_path/Frameworks",
				);
				MARKETING_VERSION = 1.0;
				PRODUCT_BUNDLE_IDENTIFIER = "com.atuljha-iosdev.IGNewsApp";
				PRODUCT_NAME = "$(TARGET_NAME)";
				SWIFT_EMIT_LOC_STRINGS = YES;
				SWIFT_VERSION = 5.0;
				TARGETED_DEVICE_FAMILY = "1,2";
			};
			name = Debug;
		};
		CE68C7572763977200CA0146 /* Release */ = {
			isa = XCBuildConfiguration;
			buildSettings = {
				ASSETCATALOG_COMPILER_APPICON_NAME = AppIcon;
				ASSETCATALOG_COMPILER_GLOBAL_ACCENT_COLOR_NAME = AccentColor;
				CODE_SIGN_STYLE = Automatic;
				CURRENT_PROJECT_VERSION = 1;
				DEVELOPMENT_TEAM = 83HMK88GGG;
				GENERATE_INFOPLIST_FILE = YES;
				INFOPLIST_FILE = IGNewsApp/Info.plist;
				INFOPLIST_KEY_UIApplicationSupportsIndirectInputEvents = YES;
				INFOPLIST_KEY_UILaunchStoryboardName = LaunchScreen;
				INFOPLIST_KEY_UIMainStoryboardFile = Main;
				INFOPLIST_KEY_UISupportedInterfaceOrientations_iPad = "UIInterfaceOrientationPortrait UIInterfaceOrientationPortraitUpsideDown UIInterfaceOrientationLandscapeLeft UIInterfaceOrientationLandscapeRight";
				INFOPLIST_KEY_UISupportedInterfaceOrientations_iPhone = "UIInterfaceOrientationPortrait UIInterfaceOrientationLandscapeLeft UIInterfaceOrientationLandscapeRight";
				LD_RUNPATH_SEARCH_PATHS = (
					"$(inherited)",
					"@executable_path/Frameworks",
				);
				MARKETING_VERSION = 1.0;
				PRODUCT_BUNDLE_IDENTIFIER = "com.atuljha-iosdev.IGNewsApp";
				PRODUCT_NAME = "$(TARGET_NAME)";
				SWIFT_EMIT_LOC_STRINGS = YES;
				SWIFT_VERSION = 5.0;
				TARGETED_DEVICE_FAMILY = "1,2";
			};
			name = Release;
		};
		CE68C7592763977200CA0146 /* Debug */ = {
			isa = XCBuildConfiguration;
			buildSettings = {
				ALWAYS_EMBED_SWIFT_STANDARD_LIBRARIES = YES;
				BUNDLE_LOADER = "$(TEST_HOST)";
				CODE_SIGN_STYLE = Automatic;
				CURRENT_PROJECT_VERSION = 1;
				DEVELOPMENT_TEAM = 83HMK88GGG;
				GENERATE_INFOPLIST_FILE = YES;
				IPHONEOS_DEPLOYMENT_TARGET = 15.0;
				LD_RUNPATH_SEARCH_PATHS = (
					"$(inherited)",
					"@executable_path/Frameworks",
					"@loader_path/Frameworks",
				);
				MARKETING_VERSION = 1.0;
				PRODUCT_BUNDLE_IDENTIFIER = "com.atuljha-iosdev.IGNewsAppTests";
				PRODUCT_NAME = "$(TARGET_NAME)";
				SWIFT_EMIT_LOC_STRINGS = NO;
				SWIFT_VERSION = 5.0;
				TARGETED_DEVICE_FAMILY = "1,2";
				TEST_HOST = "$(BUILT_PRODUCTS_DIR)/IGNewsApp.app/IGNewsApp";
			};
			name = Debug;
		};
		CE68C75A2763977200CA0146 /* Release */ = {
			isa = XCBuildConfiguration;
			buildSettings = {
				ALWAYS_EMBED_SWIFT_STANDARD_LIBRARIES = YES;
				BUNDLE_LOADER = "$(TEST_HOST)";
				CODE_SIGN_STYLE = Automatic;
				CURRENT_PROJECT_VERSION = 1;
				DEVELOPMENT_TEAM = 83HMK88GGG;
				GENERATE_INFOPLIST_FILE = YES;
				IPHONEOS_DEPLOYMENT_TARGET = 15.0;
				LD_RUNPATH_SEARCH_PATHS = (
					"$(inherited)",
					"@executable_path/Frameworks",
					"@loader_path/Frameworks",
				);
				MARKETING_VERSION = 1.0;
				PRODUCT_BUNDLE_IDENTIFIER = "com.atuljha-iosdev.IGNewsAppTests";
				PRODUCT_NAME = "$(TARGET_NAME)";
				SWIFT_EMIT_LOC_STRINGS = NO;
				SWIFT_VERSION = 5.0;
				TARGETED_DEVICE_FAMILY = "1,2";
				TEST_HOST = "$(BUILT_PRODUCTS_DIR)/IGNewsApp.app/IGNewsApp";
			};
			name = Release;
		};
		CE68C75C2763977200CA0146 /* Debug */ = {
			isa = XCBuildConfiguration;
			buildSettings = {
				ALWAYS_EMBED_SWIFT_STANDARD_LIBRARIES = YES;
				CODE_SIGN_STYLE = Automatic;
				CURRENT_PROJECT_VERSION = 1;
				DEVELOPMENT_TEAM = 83HMK88GGG;
				GENERATE_INFOPLIST_FILE = YES;
				LD_RUNPATH_SEARCH_PATHS = (
					"$(inherited)",
					"@executable_path/Frameworks",
					"@loader_path/Frameworks",
				);
				MARKETING_VERSION = 1.0;
				PRODUCT_BUNDLE_IDENTIFIER = "com.atuljha-iosdev.IGNewsAppUITests";
				PRODUCT_NAME = "$(TARGET_NAME)";
				SWIFT_EMIT_LOC_STRINGS = NO;
				SWIFT_VERSION = 5.0;
				TARGETED_DEVICE_FAMILY = "1,2";
				TEST_TARGET_NAME = IGNewsApp;
			};
			name = Debug;
		};
		CE68C75D2763977200CA0146 /* Release */ = {
			isa = XCBuildConfiguration;
			buildSettings = {
				ALWAYS_EMBED_SWIFT_STANDARD_LIBRARIES = YES;
				CODE_SIGN_STYLE = Automatic;
				CURRENT_PROJECT_VERSION = 1;
				DEVELOPMENT_TEAM = 83HMK88GGG;
				GENERATE_INFOPLIST_FILE = YES;
				LD_RUNPATH_SEARCH_PATHS = (
					"$(inherited)",
					"@executable_path/Frameworks",
					"@loader_path/Frameworks",
				);
				MARKETING_VERSION = 1.0;
				PRODUCT_BUNDLE_IDENTIFIER = "com.atuljha-iosdev.IGNewsAppUITests";
				PRODUCT_NAME = "$(TARGET_NAME)";
				SWIFT_EMIT_LOC_STRINGS = NO;
				SWIFT_VERSION = 5.0;
				TARGETED_DEVICE_FAMILY = "1,2";
				TEST_TARGET_NAME = IGNewsApp;
			};
			name = Release;
		};
/* End XCBuildConfiguration section */

/* Begin XCConfigurationList section */
		CE68C7262763976D00CA0146 /* Build configuration list for PBXProject "IGNewsApp" */ = {
			isa = XCConfigurationList;
			buildConfigurations = (
				CE68C7532763977200CA0146 /* Debug */,
				CE68C7542763977200CA0146 /* Release */,
			);
			defaultConfigurationIsVisible = 0;
			defaultConfigurationName = Release;
		};
		CE68C7552763977200CA0146 /* Build configuration list for PBXNativeTarget "IGNewsApp" */ = {
			isa = XCConfigurationList;
			buildConfigurations = (
				CE68C7562763977200CA0146 /* Debug */,
				CE68C7572763977200CA0146 /* Release */,
			);
			defaultConfigurationIsVisible = 0;
			defaultConfigurationName = Release;
		};
		CE68C7582763977200CA0146 /* Build configuration list for PBXNativeTarget "IGNewsAppTests" */ = {
			isa = XCConfigurationList;
			buildConfigurations = (
				CE68C7592763977200CA0146 /* Debug */,
				CE68C75A2763977200CA0146 /* Release */,
			);
			defaultConfigurationIsVisible = 0;
			defaultConfigurationName = Release;
		};
		CE68C75B2763977200CA0146 /* Build configuration list for PBXNativeTarget "IGNewsAppUITests" */ = {
			isa = XCConfigurationList;
			buildConfigurations = (
				CE68C75C2763977200CA0146 /* Debug */,
				CE68C75D2763977200CA0146 /* Release */,
			);
			defaultConfigurationIsVisible = 0;
			defaultConfigurationName = Release;
		};
/* End XCConfigurationList section */
	};
	rootObject = CE68C7232763976D00CA0146 /* Project object */;
}
